
Microsoft Visual Studio Solution File, Format Version 12.00
# Visual Studio 2017
Project("{FAE04EC0-301F-11D3-BF4B-00C04F79EFBC}") = "cubowerdefense", "cubowerdefense.csproj", "{68B144DC-8C1A-E5A5-D1FC-E88BCC63DFD1}"
EndProject
Global
	GlobalSection(SolutionConfigurationPlatforms) = preSolution
		Debug|Any CPU = Debug|Any CPU
		Release|Any CPU = Release|Any CPU
	EndGlobalSection
	GlobalSection(ProjectConfigurationPlatforms) = postSolution
		{68B144DC-8C1A-E5A5-D1FC-E88BCC63DFD1}.Debug|Any CPU.ActiveCfg = Debug|Any CPU
		{68B144DC-8C1A-E5A5-D1FC-E88BCC63DFD1}.Debug|Any CPU.Build.0 = Debug|Any CPU
		{68B144DC-8C1A-E5A5-D1FC-E88BCC63DFD1}.Release|Any CPU.ActiveCfg = Release|Any CPU
		{68B144DC-8C1A-E5A5-D1FC-E88BCC63DFD1}.Release|Any CPU.Build.0 = Release|Any CPU
	EndGlobalSection
	GlobalSection(SolutionProperties) = preSolution
		HideSolutionNode = FALSE
	EndGlobalSection
EndGlobal
